// !$*UTF8*$!
{
	archiveVersion = 1;
	classes = {
	};
	objectVersion = 70;
	objects = {

/* Begin PBXBuildFile section */
		5E25FC8A26D3A09300735010 /* AtomicMediaApp.swift in Sources */ = {isa = PBXBuildFile; fileRef = 5E25FC8926D3A09300735010 /* AtomicMediaApp.swift */; };
		5E25FC8E26D3A09400735010 /* Assets.xcassets in Resources */ = {isa = PBXBuildFile; fileRef = 5E25FC8D26D3A09400735010 /* Assets.xcassets */; };
		5E25FC9126D3A09400735010 /* Preview Assets.xcassets in Resources */ = {isa = PBXBuildFile; fileRef = 5E25FC9026D3A09400735010 /* Preview Assets.xcassets */; };
		5E25FCBE26D3A0F700735010 /* readme.md in Resources */ = {isa = PBXBuildFile; fileRef = 5E25FCBD26D3A0F700735010 /* readme.md */; };
		89717D522D79C28D0048C6D0 /* HeadlineViewModelTests.swift in Sources */ = {isa = PBXBuildFile; fileRef = 89717D512D79C2360048C6D0 /* HeadlineViewModelTests.swift */; };
		89DC31FF2D7C4A32003963F3 /* MockAPI.swift in Sources */ = {isa = PBXBuildFile; fileRef = 89DC31FE2D7C4A32003963F3 /* MockAPI.swift */; };
		89DC32052D7C4AD5003963F3 /* CachedHeadlineRepositoryTests.swift in Sources */ = {isa = PBXBuildFile; fileRef = 89DC32042D7C4AD5003963F3 /* CachedHeadlineRepositoryTests.swift */; };
		89DC32072D7C4C3B003963F3 /* InMemoryCacheTests.swift in Sources */ = {isa = PBXBuildFile; fileRef = 89DC32062D7C4C3B003963F3 /* InMemoryCacheTests.swift */; };
		C19BB9DB29911256005933AD /* API in Frameworks */ = {isa = PBXBuildFile; productRef = C19BB9DA29911256005933AD /* API */; };
/* End PBXBuildFile section */

/* Begin PBXContainerItemProxy section */
		5E25FC9826D3A09500735010 /* PBXContainerItemProxy */ = {
			isa = PBXContainerItemProxy;
			containerPortal = 5E25FC7E26D3A09300735010 /* Project object */;
			proxyType = 1;
			remoteGlobalIDString = 5E25FC8526D3A09300735010;
			remoteInfo = "iOS Dev Test";
		};
/* End PBXContainerItemProxy section */

/* Begin PBXFileReference section */
		5E25FC8626D3A09300735010 /* AtomicMediaDeveloper.app */ = {isa = PBXFileReference; explicitFileType = wrapper.application; includeInIndex = 0; path = AtomicMediaDeveloper.app; sourceTree = BUILT_PRODUCTS_DIR; };
		5E25FC8926D3A09300735010 /* AtomicMediaApp.swift */ = {isa = PBXFileReference; lastKnownFileType = sourcecode.swift; path = AtomicMediaApp.swift; sourceTree = "<group>"; };
		5E25FC8D26D3A09400735010 /* Assets.xcassets */ = {isa = PBXFileReference; lastKnownFileType = folder.assetcatalog; path = Assets.xcassets; sourceTree = "<group>"; };
		5E25FC9026D3A09400735010 /* Preview Assets.xcassets */ = {isa = PBXFileReference; lastKnownFileType = folder.assetcatalog; path = "Preview Assets.xcassets"; sourceTree = "<group>"; };
		5E25FC9226D3A09400735010 /* Info.plist */ = {isa = PBXFileReference; lastKnownFileType = text.plist.xml; path = Info.plist; sourceTree = "<group>"; };
		5E25FC9726D3A09500735010 /* AtomicMediaDeveloperTests.xctest */ = {isa = PBXFileReference; explicitFileType = wrapper.cfbundle; includeInIndex = 0; path = AtomicMediaDeveloperTests.xctest; sourceTree = BUILT_PRODUCTS_DIR; };
		5E25FC9D26D3A09500735010 /* Info.plist */ = {isa = PBXFileReference; lastKnownFileType = text.plist.xml; path = Info.plist; sourceTree = "<group>"; };
		5E25FCBD26D3A0F700735010 /* readme.md */ = {isa = PBXFileReference; fileEncoding = 4; lastKnownFileType = net.daringfireball.markdown; path = readme.md; sourceTree = "<group>"; };
		89717D512D79C2360048C6D0 /* HeadlineViewModelTests.swift */ = {isa = PBXFileReference; lastKnownFileType = sourcecode.swift; path = HeadlineViewModelTests.swift; sourceTree = "<group>"; };
		89DC31FE2D7C4A32003963F3 /* MockAPI.swift */ = {isa = PBXFileReference; lastKnownFileType = sourcecode.swift; path = MockAPI.swift; sourceTree = "<group>"; };
		89DC32042D7C4AD5003963F3 /* CachedHeadlineRepositoryTests.swift */ = {isa = PBXFileReference; lastKnownFileType = sourcecode.swift; path = CachedHeadlineRepositoryTests.swift; sourceTree = "<group>"; };
		89DC32062D7C4C3B003963F3 /* InMemoryCacheTests.swift */ = {isa = PBXFileReference; lastKnownFileType = sourcecode.swift; path = InMemoryCacheTests.swift; sourceTree = "<group>"; };
		C19BB9D8299107C6005933AD /* API */ = {isa = PBXFileReference; lastKnownFileType = wrapper; path = API; sourceTree = "<group>"; };
/* End PBXFileReference section */

/* Begin PBXFileSystemSynchronizedRootGroup section */
		89717D432D79B8FD0048C6D0 /* Presentation */ = {isa = PBXFileSystemSynchronizedRootGroup; explicitFileTypes = {}; explicitFolders = (); path = Presentation; sourceTree = "<group>"; };
		89717D532D79E6830048C6D0 /* Domain */ = {isa = PBXFileSystemSynchronizedRootGroup; explicitFileTypes = {}; explicitFolders = (); path = Domain; sourceTree = "<group>"; };
		89717D5B2D79E6F80048C6D0 /* Data */ = {isa = PBXFileSystemSynchronizedRootGroup; explicitFileTypes = {}; explicitFolders = (); indentWidth = 5; path = Data; sourceTree = "<group>"; };
		89717D652D79E9D50048C6D0 /* DI */ = {isa = PBXFileSystemSynchronizedRootGroup; explicitFileTypes = {}; explicitFolders = (); path = DI; sourceTree = "<group>"; };
/* End PBXFileSystemSynchronizedRootGroup section */

/* Begin PBXFrameworksBuildPhase section */
		5E25FC8326D3A09300735010 /* Frameworks */ = {
			isa = PBXFrameworksBuildPhase;
			buildActionMask = 2147483647;
			files = (
				C19BB9DB29911256005933AD /* API in Frameworks */,
			);
			runOnlyForDeploymentPostprocessing = 0;
		};
		5E25FC9426D3A09500735010 /* Frameworks */ = {
			isa = PBXFrameworksBuildPhase;
			buildActionMask = 2147483647;
			files = (
			);
			runOnlyForDeploymentPostprocessing = 0;
		};
/* End PBXFrameworksBuildPhase section */

/* Begin PBXGroup section */
		5E25FC7D26D3A09300735010 = {
			isa = PBXGroup;
			children = (
				C19BB9D8299107C6005933AD /* API */,
				5E25FCBD26D3A0F700735010 /* readme.md */,
				5E25FC8826D3A09300735010 /* AtomicMedia */,
				5E25FC9A26D3A09500735010 /* AtomicMediaDeveloperTests */,
				5E25FC8726D3A09300735010 /* Products */,
				C19BB9D929911256005933AD /* Frameworks */,
			);
			sourceTree = "<group>";
		};
		5E25FC8726D3A09300735010 /* Products */ = {
			isa = PBXGroup;
			children = (
				5E25FC8626D3A09300735010 /* AtomicMediaDeveloper.app */,
				5E25FC9726D3A09500735010 /* AtomicMediaDeveloperTests.xctest */,
			);
			name = Products;
			sourceTree = "<group>";
		};
		5E25FC8826D3A09300735010 /* AtomicMedia */ = {
			isa = PBXGroup;
			children = (
				89717D652D79E9D50048C6D0 /* DI */,
				89717D5B2D79E6F80048C6D0 /* Data */,
				89717D532D79E6830048C6D0 /* Domain */,
				89717D432D79B8FD0048C6D0 /* Presentation */,
				5E25FC8926D3A09300735010 /* AtomicMediaApp.swift */,
				5E25FC8D26D3A09400735010 /* Assets.xcassets */,
				5E25FC9226D3A09400735010 /* Info.plist */,
				5E25FC8F26D3A09400735010 /* Preview Content */,
			);
			path = AtomicMedia;
			sourceTree = "<group>";
		};
		5E25FC8F26D3A09400735010 /* Preview Content */ = {
			isa = PBXGroup;
			children = (
				5E25FC9026D3A09400735010 /* Preview Assets.xcassets */,
			);
			path = "Preview Content";
			sourceTree = "<group>";
		};
		5E25FC9A26D3A09500735010 /* AtomicMediaDeveloperTests */ = {
			isa = PBXGroup;
			children = (
				89DC32062D7C4C3B003963F3 /* InMemoryCacheTests.swift */,
				89DC32042D7C4AD5003963F3 /* CachedHeadlineRepositoryTests.swift */,
				89DC31FE2D7C4A32003963F3 /* MockAPI.swift */,
				89717D512D79C2360048C6D0 /* HeadlineViewModelTests.swift */,
				5E25FC9D26D3A09500735010 /* Info.plist */,
			);
			path = AtomicMediaDeveloperTests;
			sourceTree = "<group>";
		};
		C19BB9D929911256005933AD /* Frameworks */ = {
			isa = PBXGroup;
			children = (
			);
			name = Frameworks;
			sourceTree = "<group>";
		};
/* End PBXGroup section */

/* Begin PBXNativeTarget section */
		5E25FC8526D3A09300735010 /* AtomicMediaDeveloper */ = {
			isa = PBXNativeTarget;
			buildConfigurationList = 5E25FCAB26D3A09500735010 /* Build configuration list for PBXNativeTarget "AtomicMediaDeveloper" */;
			buildPhases = (
				5E25FC8226D3A09300735010 /* Sources */,
				5E25FC8326D3A09300735010 /* Frameworks */,
				5E25FC8426D3A09300735010 /* Resources */,
			);
			buildRules = (
			);
			dependencies = (
			);
			fileSystemSynchronizedGroups = (
				89717D432D79B8FD0048C6D0 /* Presentation */,
				89717D532D79E6830048C6D0 /* Domain */,
				89717D5B2D79E6F80048C6D0 /* Data */,
				89717D652D79E9D50048C6D0 /* DI */,
			);
			name = AtomicMediaDeveloper;
			packageProductDependencies = (
				C19BB9DA29911256005933AD /* API */,
			);
			productName = "iOS Dev Test";
			productReference = 5E25FC8626D3A09300735010 /* AtomicMediaDeveloper.app */;
			productType = "com.apple.product-type.application";
		};
		5E25FC9626D3A09500735010 /* AtomicMediaDeveloperTests */ = {
			isa = PBXNativeTarget;
			buildConfigurationList = 5E25FCAE26D3A09500735010 /* Build configuration list for PBXNativeTarget "AtomicMediaDeveloperTests" */;
			buildPhases = (
				5E25FC9326D3A09500735010 /* Sources */,
				5E25FC9426D3A09500735010 /* Frameworks */,
				5E25FC9526D3A09500735010 /* Resources */,
			);
			buildRules = (
			);
			dependencies = (
				5E25FC9926D3A09500735010 /* PBXTargetDependency */,
			);
			name = AtomicMediaDeveloperTests;
			productName = "iOS Dev TestTests";
			productReference = 5E25FC9726D3A09500735010 /* AtomicMediaDeveloperTests.xctest */;
			productType = "com.apple.product-type.bundle.unit-test";
		};
/* End PBXNativeTarget section */

/* Begin PBXProject section */
		5E25FC7E26D3A09300735010 /* Project object */ = {
			isa = PBXProject;
			attributes = {
				LastSwiftUpdateCheck = 1250;
				LastUpgradeCheck = 1250;
				TargetAttributes = {
					5E25FC8526D3A09300735010 = {
						CreatedOnToolsVersion = 12.5.1;
					};
					5E25FC9626D3A09500735010 = {
						CreatedOnToolsVersion = 12.5.1;
						TestTargetID = 5E25FC8526D3A09300735010;
					};
				};
			};
			buildConfigurationList = 5E25FC8126D3A09300735010 /* Build configuration list for PBXProject "AtomicMediaDeveloper" */;
			compatibilityVersion = "Xcode 9.3";
			developmentRegion = en;
			hasScannedForEncodings = 0;
			knownRegions = (
				en,
				Base,
			);
			mainGroup = 5E25FC7D26D3A09300735010;
			productRefGroup = 5E25FC8726D3A09300735010 /* Products */;
			projectDirPath = "";
			projectRoot = "";
			targets = (
				5E25FC8526D3A09300735010 /* AtomicMediaDeveloper */,
				5E25FC9626D3A09500735010 /* AtomicMediaDeveloperTests */,
			);
		};
/* End PBXProject section */

/* Begin PBXResourcesBuildPhase section */
		5E25FC8426D3A09300735010 /* Resources */ = {
			isa = PBXResourcesBuildPhase;
			buildActionMask = 2147483647;
			files = (
				5E25FC9126D3A09400735010 /* Preview Assets.xcassets in Resources */,
				5E25FCBE26D3A0F700735010 /* readme.md in Resources */,
				5E25FC8E26D3A09400735010 /* Assets.xcassets in Resources */,
			);
			runOnlyForDeploymentPostprocessing = 0;
		};
		5E25FC9526D3A09500735010 /* Resources */ = {
			isa = PBXResourcesBuildPhase;
			buildActionMask = 2147483647;
			files = (
			);
			runOnlyForDeploymentPostprocessing = 0;
		};
/* End PBXResourcesBuildPhase section */

/* Begin PBXSourcesBuildPhase section */
		5E25FC8226D3A09300735010 /* Sources */ = {
			isa = PBXSourcesBuildPhase;
			buildActionMask = 2147483647;
			files = (
				5E25FC8A26D3A09300735010 /* AtomicMediaApp.swift in Sources */,
			);
			runOnlyForDeploymentPostprocessing = 0;
		};
		5E25FC9326D3A09500735010 /* Sources */ = {
			isa = PBXSourcesBuildPhase;
			buildActionMask = 2147483647;
			files = (
				89DC32052D7C4AD5003963F3 /* CachedHeadlineRepositoryTests.swift in Sources */,
				89DC31FF2D7C4A32003963F3 /* MockAPI.swift in Sources */,
				89DC32072D7C4C3B003963F3 /* InMemoryCacheTests.swift in Sources */,
				89717D522D79C28D0048C6D0 /* HeadlineViewModelTests.swift in Sources */,
			);
			runOnlyForDeploymentPostprocessing = 0;
		};
/* End PBXSourcesBuildPhase section */

/* Begin PBXTargetDependency section */
		5E25FC9926D3A09500735010 /* PBXTargetDependency */ = {
			isa = PBXTargetDependency;
			target = 5E25FC8526D3A09300735010 /* AtomicMediaDeveloper */;
			targetProxy = 5E25FC9826D3A09500735010 /* PBXContainerItemProxy */;
		};
/* End PBXTargetDependency section */

/* Begin XCBuildConfiguration section */
		5E25FCA926D3A09500735010 /* Debug */ = {
			isa = XCBuildConfiguration;
			buildSettings = {
				ALWAYS_SEARCH_USER_PATHS = NO;
				CLANG_ANALYZER_NONNULL = YES;
				CLANG_ANALYZER_NUMBER_OBJECT_CONVERSION = YES_AGGRESSIVE;
				CLANG_CXX_LANGUAGE_STANDARD = "gnu++14";
				CLANG_CXX_LIBRARY = "libc++";
				CLANG_ENABLE_MODULES = YES;
				CLANG_ENABLE_OBJC_ARC = YES;
				CLANG_ENABLE_OBJC_WEAK = YES;
				CLANG_WARN_BLOCK_CAPTURE_AUTORELEASING = YES;
				CLANG_WARN_BOOL_CONVERSION = YES;
				CLANG_WARN_COMMA = YES;
				CLANG_WARN_CONSTANT_CONVERSION = YES;
				CLANG_WARN_DEPRECATED_OBJC_IMPLEMENTATIONS = YES;
				CLANG_WARN_DIRECT_OBJC_ISA_USAGE = YES_ERROR;
				CLANG_WARN_DOCUMENTATION_COMMENTS = YES;
				CLANG_WARN_EMPTY_BODY = YES;
				CLANG_WARN_ENUM_CONVERSION = YES;
				CLANG_WARN_INFINITE_RECURSION = YES;
				CLANG_WARN_INT_CONVERSION = YES;
				CLANG_WARN_NON_LITERAL_NULL_CONVERSION = YES;
				CLANG_WARN_OBJC_IMPLICIT_RETAIN_SELF = YES;
				CLANG_WARN_OBJC_LITERAL_CONVERSION = YES;
				CLANG_WARN_OBJC_ROOT_CLASS = YES_ERROR;
				CLANG_WARN_QUOTED_INCLUDE_IN_FRAMEWORK_HEADER = YES;
				CLANG_WARN_RANGE_LOOP_ANALYSIS = YES;
				CLANG_WARN_STRICT_PROTOTYPES = YES;
				CLANG_WARN_SUSPICIOUS_MOVE = YES;
				CLANG_WARN_UNGUARDED_AVAILABILITY = YES_AGGRESSIVE;
				CLANG_WARN_UNREACHABLE_CODE = YES;
				CLANG_WARN__DUPLICATE_METHOD_MATCH = YES;
				COPY_PHASE_STRIP = NO;
				DEBUG_INFORMATION_FORMAT = dwarf;
				ENABLE_STRICT_OBJC_MSGSEND = YES;
				ENABLE_TESTABILITY = YES;
				GCC_C_LANGUAGE_STANDARD = gnu11;
				GCC_DYNAMIC_NO_PIC = NO;
				GCC_NO_COMMON_BLOCKS = YES;
				GCC_OPTIMIZATION_LEVEL = 0;
				GCC_PREPROCESSOR_DEFINITIONS = (
					"DEBUG=1",
					"$(inherited)",
				);
				GCC_WARN_64_TO_32_BIT_CONVERSION = YES;
				GCC_WARN_ABOUT_RETURN_TYPE = YES_ERROR;
				GCC_WARN_UNDECLARED_SELECTOR = YES;
				GCC_WARN_UNINITIALIZED_AUTOS = YES_AGGRESSIVE;
				GCC_WARN_UNUSED_FUNCTION = YES;
				GCC_WARN_UNUSED_VARIABLE = YES;
				IPHONEOS_DEPLOYMENT_TARGET = 15.0;
				MTL_ENABLE_DEBUG_INFO = INCLUDE_SOURCE;
				MTL_FAST_MATH = YES;
				ONLY_ACTIVE_ARCH = YES;
				SDKROOT = iphoneos;
				SWIFT_ACTIVE_COMPILATION_CONDITIONS = DEBUG;
				SWIFT_OPTIMIZATION_LEVEL = "-Onone";
			};
			name = Debug;
		};
		5E25FCAA26D3A09500735010 /* Release */ = {
			isa = XCBuildConfiguration;
			buildSettings = {
				ALWAYS_SEARCH_USER_PATHS = NO;
				CLANG_ANALYZER_NONNULL = YES;
				CLANG_ANALYZER_NUMBER_OBJECT_CONVERSION = YES_AGGRESSIVE;
				CLANG_CXX_LANGUAGE_STANDARD = "gnu++14";
				CLANG_CXX_LIBRARY = "libc++";
				CLANG_ENABLE_MODULES = YES;
				CLANG_ENABLE_OBJC_ARC = YES;
				CLANG_ENABLE_OBJC_WEAK = YES;
				CLANG_WARN_BLOCK_CAPTURE_AUTORELEASING = YES;
				CLANG_WARN_BOOL_CONVERSION = YES;
				CLANG_WARN_COMMA = YES;
				CLANG_WARN_CONSTANT_CONVERSION = YES;
				CLANG_WARN_DEPRECATED_OBJC_IMPLEMENTATIONS = YES;
				CLANG_WARN_DIRECT_OBJC_ISA_USAGE = YES_ERROR;
				CLANG_WARN_DOCUMENTATION_COMMENTS = YES;
				CLANG_WARN_EMPTY_BODY = YES;
				CLANG_WARN_ENUM_CONVERSION = YES;
				CLANG_WARN_INFINITE_RECURSION = YES;
				CLANG_WARN_INT_CONVERSION = YES;
				CLANG_WARN_NON_LITERAL_NULL_CONVERSION = YES;
				CLANG_WARN_OBJC_IMPLICIT_RETAIN_SELF = YES;
				CLANG_WARN_OBJC_LITERAL_CONVERSION = YES;
				CLANG_WARN_OBJC_ROOT_CLASS = YES_ERROR;
				CLANG_WARN_QUOTED_INCLUDE_IN_FRAMEWORK_HEADER = YES;
				CLANG_WARN_RANGE_LOOP_ANALYSIS = YES;
				CLANG_WARN_STRICT_PROTOTYPES = YES;
				CLANG_WARN_SUSPICIOUS_MOVE = YES;
				CLANG_WARN_UNGUARDED_AVAILABILITY = YES_AGGRESSIVE;
				CLANG_WARN_UNREACHABLE_CODE = YES;
				CLANG_WARN__DUPLICATE_METHOD_MATCH = YES;
				COPY_PHASE_STRIP = NO;
				DEBUG_INFORMATION_FORMAT = "dwarf-with-dsym";
				ENABLE_NS_ASSERTIONS = NO;
				ENABLE_STRICT_OBJC_MSGSEND = YES;
				GCC_C_LANGUAGE_STANDARD = gnu11;
				GCC_NO_COMMON_BLOCKS = YES;
				GCC_WARN_64_TO_32_BIT_CONVERSION = YES;
				GCC_WARN_ABOUT_RETURN_TYPE = YES_ERROR;
				GCC_WARN_UNDECLARED_SELECTOR = YES;
				GCC_WARN_UNINITIALIZED_AUTOS = YES_AGGRESSIVE;
				GCC_WARN_UNUSED_FUNCTION = YES;
				GCC_WARN_UNUSED_VARIABLE = YES;
				IPHONEOS_DEPLOYMENT_TARGET = 15.0;
				MTL_ENABLE_DEBUG_INFO = NO;
				MTL_FAST_MATH = YES;
				SDKROOT = iphoneos;
				SWIFT_COMPILATION_MODE = wholemodule;
				SWIFT_OPTIMIZATION_LEVEL = "-O";
				VALIDATE_PRODUCT = YES;
			};
			name = Release;
		};
		5E25FCAC26D3A09500735010 /* Debug */ = {
			isa = XCBuildConfiguration;
			buildSettings = {
				ASSETCATALOG_COMPILER_APPICON_NAME = AppIcon;
				ASSETCATALOG_COMPILER_GLOBAL_ACCENT_COLOR_NAME = AccentColor;
				CODE_SIGN_STYLE = Automatic;
				DEVELOPMENT_ASSET_PATHS = "\"AtomicMedia/Preview Content\"";
				DEVELOPMENT_TEAM = "";
				ENABLE_PREVIEWS = YES;
				INFOPLIST_FILE = AtomicMedia/Info.plist;
				IPHONEOS_DEPLOYMENT_TARGET = 15.0;
				LD_RUNPATH_SEARCH_PATHS = (
					"$(inherited)",
					"@executable_path/Frameworks",
				);
				PRODUCT_BUNDLE_IDENTIFIER = "uk.co.atomicmedia.iOS-Dev-Test";
				PRODUCT_NAME = "$(TARGET_NAME)";
				SWIFT_VERSION = 5.0;
				TARGETED_DEVICE_FAMILY = "1,2";
			};
			name = Debug;
		};
		5E25FCAD26D3A09500735010 /* Release */ = {
			isa = XCBuildConfiguration;
			buildSettings = {
				ASSETCATALOG_COMPILER_APPICON_NAME = AppIcon;
				ASSETCATALOG_COMPILER_GLOBAL_ACCENT_COLOR_NAME = AccentColor;
				CODE_SIGN_STYLE = Automatic;
				DEVELOPMENT_ASSET_PATHS = "\"AtomicMedia/Preview Content\"";
				DEVELOPMENT_TEAM = "";
				ENABLE_PREVIEWS = YES;
				INFOPLIST_FILE = AtomicMedia/Info.plist;
				IPHONEOS_DEPLOYMENT_TARGET = 15.0;
				LD_RUNPATH_SEARCH_PATHS = (
					"$(inherited)",
					"@executable_path/Frameworks",
				);
				PRODUCT_BUNDLE_IDENTIFIER = "uk.co.atomicmedia.iOS-Dev-Test";
				PRODUCT_NAME = "$(TARGET_NAME)";
				SWIFT_VERSION = 5.0;
				TARGETED_DEVICE_FAMILY = "1,2";
			};
			name = Release;
		};
		5E25FCAF26D3A09500735010 /* Debug */ = {
			isa = XCBuildConfiguration;
			buildSettings = {
				BUNDLE_LOADER = "$(TEST_HOST)";
				CODE_SIGN_STYLE = Automatic;
				DEVELOPMENT_TEAM = "";
				INFOPLIST_FILE = AtomicMediaDeveloperTests/Info.plist;
				IPHONEOS_DEPLOYMENT_TARGET = 15.0;
				LD_RUNPATH_SEARCH_PATHS = (
					"$(inherited)",
					"@executable_path/Frameworks",
					"@loader_path/Frameworks",
				);
				PRODUCT_BUNDLE_IDENTIFIER = "uk.co.atomicmedia.iOS-Dev-TestTests";
				PRODUCT_NAME = "$(TARGET_NAME)";
				SWIFT_VERSION = 5.0;
				TARGETED_DEVICE_FAMILY = "1,2";
				TEST_HOST = "$(BUILT_PRODUCTS_DIR)/AtomicMediaDeveloper.app/AtomicMediaDeveloper";
			};
			name = Debug;
		};
		5E25FCB026D3A09500735010 /* Release */ = {
			isa = XCBuildConfiguration;
			buildSettings = {
				BUNDLE_LOADER = "$(TEST_HOST)";
				CODE_SIGN_STYLE = Automatic;
				DEVELOPMENT_TEAM = "";
				INFOPLIST_FILE = AtomicMediaDeveloperTests/Info.plist;
				IPHONEOS_DEPLOYMENT_TARGET = 15.0;
				LD_RUNPATH_SEARCH_PATHS = (
					"$(inherited)",
					"@executable_path/Frameworks",
					"@loader_path/Frameworks",
				);
				PRODUCT_BUNDLE_IDENTIFIER = "uk.co.atomicmedia.iOS-Dev-TestTests";
				PRODUCT_NAME = "$(TARGET_NAME)";
				SWIFT_VERSION = 5.0;
				TARGETED_DEVICE_FAMILY = "1,2";
				TEST_HOST = "$(BUILT_PRODUCTS_DIR)/AtomicMediaDeveloper.app/AtomicMediaDeveloper";
			};
			name = Release;
		};
/* End XCBuildConfiguration section */

/* Begin XCConfigurationList section */
		5E25FC8126D3A09300735010 /* Build configuration list for PBXProject "AtomicMediaDeveloper" */ = {
			isa = XCConfigurationList;
			buildConfigurations = (
				5E25FCA926D3A09500735010 /* Debug */,
				5E25FCAA26D3A09500735010 /* Release */,
			);
			defaultConfigurationIsVisible = 0;
			defaultConfigurationName = Release;
		};
		5E25FCAB26D3A09500735010 /* Build configuration list for PBXNativeTarget "AtomicMediaDeveloper" */ = {
			isa = XCConfigurationList;
			buildConfigurations = (
				5E25FCAC26D3A09500735010 /* Debug */,
				5E25FCAD26D3A09500735010 /* Release */,
			);
			defaultConfigurationIsVisible = 0;
			defaultConfigurationName = Release;
		};
		5E25FCAE26D3A09500735010 /* Build configuration list for PBXNativeTarget "AtomicMediaDeveloperTests" */ = {
			isa = XCConfigurationList;
			buildConfigurations = (
				5E25FCAF26D3A09500735010 /* Debug */,
				5E25FCB026D3A09500735010 /* Release */,
			);
			defaultConfigurationIsVisible = 0;
			defaultConfigurationName = Release;
		};
/* End XCConfigurationList section */

/* Begin XCSwiftPackageProductDependency section */
		C19BB9DA29911256005933AD /* API */ = {
			isa = XCSwiftPackageProductDependency;
			productName = API;
		};
/* End XCSwiftPackageProductDependency section */
	};
	rootObject = 5E25FC7E26D3A09300735010 /* Project object */;
}
